
Microsoft Visual Studio Solution File, Format Version 12.00
# Visual Studio Version 16
VisualStudioVersion = 16.0.30104.148
MinimumVisualStudioVersion = 10.0.40219.1
Project("{FAE04EC0-301F-11D3-BF4B-00C04F79EFBC}") = "WorkerDemoService", "WorkerDemoService\WorkerDemoService.csproj", "{FE1A2332-AA95-44FD-9E68-6F031C0E907D}"
EndProject
Global
	GlobalSection(SolutionConfigurationPlatforms) = preSolution
		Debug|Any CPU = Debug|Any CPU
		Release|Any CPU = Release|Any CPU
	EndGlobalSection
	GlobalSection(ProjectConfigurationPlatforms) = postSolution
		{FE1A2332-AA95-44FD-9E68-6F031C0E907D}.Debug|Any CPU.ActiveCfg = Debug|Any CPU
		{FE1A2332-AA95-44FD-9E68-6F031C0E907D}.Debug|Any CPU.Build.0 = Debug|Any CPU
		{FE1A2332-AA95-44FD-9E68-6F031C0E907D}.Release|Any CPU.ActiveCfg = Release|Any CPU
		{FE1A2332-AA95-44FD-9E68-6F031C0E907D}.Release|Any CPU.Build.0 = Release|Any CPU
	EndGlobalSection
	GlobalSection(SolutionProperties) = preSolution
		HideSolutionNode = FALSE
	EndGlobalSection
	GlobalSection(ExtensibilityGlobals) = postSolution
		SolutionGuid = {CD7E65DD-5121-4778-BC12-492A173762AB}
	EndGlobalSection
EndGlobal
